
Microsoft Visual Studio Solution File, Format Version 11.00
# Visual Studio 2010
Project("{FAE04EC0-301F-11D3-BF4B-00C04F79EFBC}") = "SteamVR", "SteamVR.csproj", "{058CAA53-7F5F-1816-C64E-24C7105E39D0}"
EndProject
Project("{FAE04EC0-301F-11D3-BF4B-00C04F79EFBC}") = "Assembly-CSharp", "Assembly-CSharp.csproj", "{53A8FE03-48C4-7D9E-6268-CD365E522B2E}"
EndProject
Project("{FAE04EC0-301F-11D3-BF4B-00C04F79EFBC}") = "SteamVR_Editor", "SteamVR_Editor.csproj", "{AB445D9A-EB4C-F030-F5C6-E7DFEDA9132E}"
EndProject
Project("{FAE04EC0-301F-11D3-BF4B-00C04F79EFBC}") = "SteamVR_Input_Editor", "SteamVR_Input_Editor.csproj", "{D3129A4E-2477-A0AB-2BC9-39A679741BEC}"
EndProject
Project("{FAE04EC0-301F-11D3-BF4B-00C04F79EFBC}") = "SteamVR_Windows_EditorHelper", "SteamVR_Windows_EditorHelper.csproj", "{C5B00737-5CC9-B133-85F3-DCD6F3AC283C}"
EndProject
Global
	GlobalSection(SolutionConfigurationPlatforms) = preSolution
		Debug|Any CPU = Debug|Any CPU
		Release|Any CPU = Release|Any CPU
	EndGlobalSection
	GlobalSection(ProjectConfigurationPlatforms) = postSolution
		{058CAA53-7F5F-1816-C64E-24C7105E39D0}.Debug|Any CPU.ActiveCfg = Debug|Any CPU
		{058CAA53-7F5F-1816-C64E-24C7105E39D0}.Debug|Any CPU.Build.0 = Debug|Any CPU
		{058CAA53-7F5F-1816-C64E-24C7105E39D0}.Release|Any CPU.ActiveCfg = Release|Any CPU
		{058CAA53-7F5F-1816-C64E-24C7105E39D0}.Release|Any CPU.Build.0 = Release|Any CPU
		{53A8FE03-48C4-7D9E-6268-CD365E522B2E}.Debug|Any CPU.ActiveCfg = Debug|Any CPU
		{53A8FE03-48C4-7D9E-6268-CD365E522B2E}.Debug|Any CPU.Build.0 = Debug|Any CPU
		{53A8FE03-48C4-7D9E-6268-CD365E522B2E}.Release|Any CPU.ActiveCfg = Release|Any CPU
		{53A8FE03-48C4-7D9E-6268-CD365E522B2E}.Release|Any CPU.Build.0 = Release|Any CPU
		{AB445D9A-EB4C-F030-F5C6-E7DFEDA9132E}.Debug|Any CPU.ActiveCfg = Debug|Any CPU
		{AB445D9A-EB4C-F030-F5C6-E7DFEDA9132E}.Debug|Any CPU.Build.0 = Debug|Any CPU
		{AB445D9A-EB4C-F030-F5C6-E7DFEDA9132E}.Release|Any CPU.ActiveCfg = Release|Any CPU
		{AB445D9A-EB4C-F030-F5C6-E7DFEDA9132E}.Release|Any CPU.Build.0 = Release|Any CPU
		{D3129A4E-2477-A0AB-2BC9-39A679741BEC}.Debug|Any CPU.ActiveCfg = Debug|Any CPU
		{D3129A4E-2477-A0AB-2BC9-39A679741BEC}.Debug|Any CPU.Build.0 = Debug|Any CPU
		{D3129A4E-2477-A0AB-2BC9-39A679741BEC}.Release|Any CPU.ActiveCfg = Release|Any CPU
		{D3129A4E-2477-A0AB-2BC9-39A679741BEC}.Release|Any CPU.Build.0 = Release|Any CPU
		{C5B00737-5CC9-B133-85F3-DCD6F3AC283C}.Debug|Any CPU.ActiveCfg = Debug|Any CPU
		{C5B00737-5CC9-B133-85F3-DCD6F3AC283C}.Debug|Any CPU.Build.0 = Debug|Any CPU
		{C5B00737-5CC9-B133-85F3-DCD6F3AC283C}.Release|Any CPU.ActiveCfg = Release|Any CPU
		{C5B00737-5CC9-B133-85F3-DCD6F3AC283C}.Release|Any CPU.Build.0 = Release|Any CPU
	EndGlobalSection
	GlobalSection(SolutionProperties) = preSolution
		HideSolutionNode = FALSE
	EndGlobalSection
	GlobalSection(MonoDevelopProperties) = preSolution
		StartupItem = Assembly-CSharp.csproj
	EndGlobalSection
EndGlobal
